// !$*UTF8*$!
{
	archiveVersion = 1;
	classes = {
	};
	objectVersion = 46;
	objects = {

/* Begin PBXBuildFile section */
		71CE165C19C4FBD2006EBC8F /* Plank.h in Headers */ = {isa = PBXBuildFile; fileRef = 71CE165B19C4FBD2006EBC8F /* Plank.h */; settings = {ATTRIBUTES = (Public, ); }; };
		71CE167119C4FBF1006EBC8F /* Logger.swift in Sources */ = {isa = PBXBuildFile; fileRef = 71CE167019C4FBF1006EBC8F /* Logger.swift */; };
		71CE167219C4FBF1006EBC8F /* Logger.swift in Sources */ = {isa = PBXBuildFile; fileRef = 71CE167019C4FBF1006EBC8F /* Logger.swift */; };
		71CE167419C4FBFA006EBC8F /* LoggerSpec.swift in Sources */ = {isa = PBXBuildFile; fileRef = 71CE167319C4FBFA006EBC8F /* LoggerSpec.swift */; };
		71CE167519C4FC05006EBC8F /* Plank.framework in Frameworks */ = {isa = PBXBuildFile; fileRef = 71CE165619C4FBD2006EBC8F /* Plank.framework */; };
		71CE167719C4FC09006EBC8F /* Nimble.framework in Frameworks */ = {isa = PBXBuildFile; fileRef = 71CE167619C4FC09006EBC8F /* Nimble.framework */; };
		71CE167919C4FC0C006EBC8F /* Quick.framework in Frameworks */ = {isa = PBXBuildFile; fileRef = 71CE167819C4FC0C006EBC8F /* Quick.framework */; };
		71CE167D19C4FC6A006EBC8F /* NotificationListener.swift in Sources */ = {isa = PBXBuildFile; fileRef = 71CE167C19C4FC6A006EBC8F /* NotificationListener.swift */; };
/* End PBXBuildFile section */

/* Begin PBXFileReference section */
		71CE165619C4FBD2006EBC8F /* Plank.framework */ = {isa = PBXFileReference; explicitFileType = wrapper.framework; includeInIndex = 0; path = Plank.framework; sourceTree = BUILT_PRODUCTS_DIR; };
		71CE165A19C4FBD2006EBC8F /* Info.plist */ = {isa = PBXFileReference; lastKnownFileType = text.plist.xml; path = Info.plist; sourceTree = "<group>"; };
		71CE165B19C4FBD2006EBC8F /* Plank.h */ = {isa = PBXFileReference; lastKnownFileType = sourcecode.c.h; path = Plank.h; sourceTree = "<group>"; };
		71CE166119C4FBD2006EBC8F /* PlankTests.xctest */ = {isa = PBXFileReference; explicitFileType = wrapper.cfbundle; includeInIndex = 0; path = PlankTests.xctest; sourceTree = BUILT_PRODUCTS_DIR; };
		71CE166419C4FBD2006EBC8F /* Info.plist */ = {isa = PBXFileReference; lastKnownFileType = text.plist.xml; path = Info.plist; sourceTree = "<group>"; };
		71CE167019C4FBF1006EBC8F /* Logger.swift */ = {isa = PBXFileReference; fileEncoding = 4; lastKnownFileType = sourcecode.swift; path = Logger.swift; sourceTree = "<group>"; };
		71CE167319C4FBFA006EBC8F /* LoggerSpec.swift */ = {isa = PBXFileReference; fileEncoding = 4; lastKnownFileType = sourcecode.swift; path = LoggerSpec.swift; sourceTree = "<group>"; };
		71CE167619C4FC09006EBC8F /* Nimble.framework */ = {isa = PBXFileReference; lastKnownFileType = wrapper.framework; name = Nimble.framework; path = "../Nimble/build/Debug-iphoneos/Nimble.framework"; sourceTree = "<group>"; };
		71CE167819C4FC0C006EBC8F /* Quick.framework */ = {isa = PBXFileReference; lastKnownFileType = wrapper.framework; name = Quick.framework; path = "../../../../Library/Developer/Xcode/DerivedData/Plank-euwrhosgbkabrxczkxquakynfklc/Build/Products/Debug/Quick.framework"; sourceTree = "<group>"; };
		71CE167C19C4FC6A006EBC8F /* NotificationListener.swift */ = {isa = PBXFileReference; fileEncoding = 4; lastKnownFileType = sourcecode.swift; path = NotificationListener.swift; sourceTree = "<group>"; };
/* End PBXFileReference section */

/* Begin PBXFrameworksBuildPhase section */
		71CE165219C4FBD2006EBC8F /* Frameworks */ = {
			isa = PBXFrameworksBuildPhase;
			buildActionMask = 2147483647;
			files = (
			);
			runOnlyForDeploymentPostprocessing = 0;
		};
		71CE165E19C4FBD2006EBC8F /* Frameworks */ = {
			isa = PBXFrameworksBuildPhase;
			buildActionMask = 2147483647;
			files = (
				71CE167519C4FC05006EBC8F /* Plank.framework in Frameworks */,
				71CE167919C4FC0C006EBC8F /* Quick.framework in Frameworks */,
				71CE167719C4FC09006EBC8F /* Nimble.framework in Frameworks */,
			);
			runOnlyForDeploymentPostprocessing = 0;
		};
/* End PBXFrameworksBuildPhase section */

/* Begin PBXGroup section */
		71CE164C19C4FBD2006EBC8F = {
			isa = PBXGroup;
			children = (
				71CE165819C4FBD2006EBC8F /* Plank */,
				71CE166219C4FBD2006EBC8F /* PlankTests */,
				71CE167A19C4FC13006EBC8F /* Frameworks */,
				71CE165719C4FBD2006EBC8F /* Products */,
			);
			sourceTree = "<group>";
		};
		71CE165719C4FBD2006EBC8F /* Products */ = {
			isa = PBXGroup;
			children = (
				71CE165619C4FBD2006EBC8F /* Plank.framework */,
				71CE166119C4FBD2006EBC8F /* PlankTests.xctest */,
			);
			name = Products;
			sourceTree = "<group>";
		};
		71CE165819C4FBD2006EBC8F /* Plank */ = {
			isa = PBXGroup;
			children = (
				71CE165B19C4FBD2006EBC8F /* Plank.h */,
				71CE167019C4FBF1006EBC8F /* Logger.swift */,
				71CE165919C4FBD2006EBC8F /* Supporting Files */,
			);
			path = Plank;
			sourceTree = "<group>";
		};
		71CE165919C4FBD2006EBC8F /* Supporting Files */ = {
			isa = PBXGroup;
			children = (
				71CE165A19C4FBD2006EBC8F /* Info.plist */,
			);
			name = "Supporting Files";
			sourceTree = "<group>";
		};
		71CE166219C4FBD2006EBC8F /* PlankTests */ = {
			isa = PBXGroup;
			children = (
				71CE167319C4FBFA006EBC8F /* LoggerSpec.swift */,
				71CE167B19C4FC57006EBC8F /* NotificationListener */,
				71CE166319C4FBD2006EBC8F /* Supporting Files */,
			);
			path = PlankTests;
			sourceTree = "<group>";
		};
		71CE166319C4FBD2006EBC8F /* Supporting Files */ = {
			isa = PBXGroup;
			children = (
				71CE166419C4FBD2006EBC8F /* Info.plist */,
			);
			name = "Supporting Files";
			sourceTree = "<group>";
		};
		71CE167A19C4FC13006EBC8F /* Frameworks */ = {
			isa = PBXGroup;
			children = (
				71CE167819C4FC0C006EBC8F /* Quick.framework */,
				71CE167619C4FC09006EBC8F /* Nimble.framework */,
			);
			name = Frameworks;
			sourceTree = "<group>";
		};
		71CE167B19C4FC57006EBC8F /* NotificationListener */ = {
			isa = PBXGroup;
			children = (
				71CE167C19C4FC6A006EBC8F /* NotificationListener.swift */,
			);
			name = NotificationListener;
			sourceTree = "<group>";
		};
/* End PBXGroup section */

/* Begin PBXHeadersBuildPhase section */
		71CE165319C4FBD2006EBC8F /* Headers */ = {
			isa = PBXHeadersBuildPhase;
			buildActionMask = 2147483647;
			files = (
				71CE165C19C4FBD2006EBC8F /* Plank.h in Headers */,
			);
			runOnlyForDeploymentPostprocessing = 0;
		};
/* End PBXHeadersBuildPhase section */

/* Begin PBXNativeTarget section */
		71CE165519C4FBD2006EBC8F /* Plank */ = {
			isa = PBXNativeTarget;
			buildConfigurationList = 71CE166919C4FBD2006EBC8F /* Build configuration list for PBXNativeTarget "Plank" */;
			buildPhases = (
				71CE165119C4FBD2006EBC8F /* Sources */,
				71CE165219C4FBD2006EBC8F /* Frameworks */,
				71CE165319C4FBD2006EBC8F /* Headers */,
				71CE165419C4FBD2006EBC8F /* Resources */,
			);
			buildRules = (
			);
			dependencies = (
			);
			name = Plank;
			productName = Plank;
			productReference = 71CE165619C4FBD2006EBC8F /* Plank.framework */;
			productType = "com.apple.product-type.framework";
		};
		71CE166019C4FBD2006EBC8F /* PlankTests */ = {
			isa = PBXNativeTarget;
			buildConfigurationList = 71CE166C19C4FBD2006EBC8F /* Build configuration list for PBXNativeTarget "PlankTests" */;
			buildPhases = (
				71CE165D19C4FBD2006EBC8F /* Sources */,
				71CE165E19C4FBD2006EBC8F /* Frameworks */,
				71CE165F19C4FBD2006EBC8F /* Resources */,
			);
			buildRules = (
			);
			dependencies = (
			);
			name = PlankTests;
			productName = PlankTests;
			productReference = 71CE166119C4FBD2006EBC8F /* PlankTests.xctest */;
			productType = "com.apple.product-type.bundle.unit-test";
		};
/* End PBXNativeTarget section */

/* Begin PBXProject section */
		71CE164D19C4FBD2006EBC8F /* Project object */ = {
			isa = PBXProject;
			attributes = {
				LastUpgradeCheck = 0600;
				ORGANIZATIONNAME = bandedo;
				TargetAttributes = {
					71CE165519C4FBD2006EBC8F = {
						CreatedOnToolsVersion = 6.0;
					};
					71CE166019C4FBD2006EBC8F = {
						CreatedOnToolsVersion = 6.0;
					};
				};
			};
			buildConfigurationList = 71CE165019C4FBD2006EBC8F /* Build configuration list for PBXProject "Plank" */;
			compatibilityVersion = "Xcode 3.2";
			developmentRegion = English;
			hasScannedForEncodings = 0;
			knownRegions = (
				en,
			);
			mainGroup = 71CE164C19C4FBD2006EBC8F;
			productRefGroup = 71CE165719C4FBD2006EBC8F /* Products */;
			projectDirPath = "";
			projectRoot = "";
			targets = (
				71CE165519C4FBD2006EBC8F /* Plank */,
				71CE166019C4FBD2006EBC8F /* PlankTests */,
			);
		};
/* End PBXProject section */

/* Begin PBXResourcesBuildPhase section */
		71CE165419C4FBD2006EBC8F /* Resources */ = {
			isa = PBXResourcesBuildPhase;
			buildActionMask = 2147483647;
			files = (
			);
			runOnlyForDeploymentPostprocessing = 0;
		};
		71CE165F19C4FBD2006EBC8F /* Resources */ = {
			isa = PBXResourcesBuildPhase;
			buildActionMask = 2147483647;
			files = (
			);
			runOnlyForDeploymentPostprocessing = 0;
		};
/* End PBXResourcesBuildPhase section */

/* Begin PBXSourcesBuildPhase section */
		71CE165119C4FBD2006EBC8F /* Sources */ = {
			isa = PBXSourcesBuildPhase;
			buildActionMask = 2147483647;
			files = (
				71CE167119C4FBF1006EBC8F /* Logger.swift in Sources */,
			);
			runOnlyForDeploymentPostprocessing = 0;
		};
		71CE165D19C4FBD2006EBC8F /* Sources */ = {
			isa = PBXSourcesBuildPhase;
			buildActionMask = 2147483647;
			files = (
				71CE167219C4FBF1006EBC8F /* Logger.swift in Sources */,
				71CE167419C4FBFA006EBC8F /* LoggerSpec.swift in Sources */,
				71CE167D19C4FC6A006EBC8F /* NotificationListener.swift in Sources */,
			);
			runOnlyForDeploymentPostprocessing = 0;
		};
/* End PBXSourcesBuildPhase section */

/* Begin XCBuildConfiguration section */
		71CE166719C4FBD2006EBC8F /* Debug */ = {
			isa = XCBuildConfiguration;
			buildSettings = {
				ALWAYS_SEARCH_USER_PATHS = NO;
				CLANG_CXX_LANGUAGE_STANDARD = "gnu++0x";
				CLANG_CXX_LIBRARY = "libc++";
				CLANG_ENABLE_MODULES = YES;
				CLANG_ENABLE_OBJC_ARC = YES;
				CLANG_WARN_BOOL_CONVERSION = YES;
				CLANG_WARN_CONSTANT_CONVERSION = YES;
				CLANG_WARN_DIRECT_OBJC_ISA_USAGE = YES_ERROR;
				CLANG_WARN_EMPTY_BODY = YES;
				CLANG_WARN_ENUM_CONVERSION = YES;
				CLANG_WARN_INT_CONVERSION = YES;
				CLANG_WARN_OBJC_ROOT_CLASS = YES_ERROR;
				CLANG_WARN_UNREACHABLE_CODE = YES;
				CLANG_WARN__DUPLICATE_METHOD_MATCH = YES;
				"CODE_SIGN_IDENTITY[sdk=iphoneos*]" = "iPhone Developer";
				COPY_PHASE_STRIP = NO;
				CURRENT_PROJECT_VERSION = 1;
				ENABLE_STRICT_OBJC_MSGSEND = YES;
				GCC_C_LANGUAGE_STANDARD = gnu99;
				GCC_DYNAMIC_NO_PIC = NO;
				GCC_OPTIMIZATION_LEVEL = 0;
				GCC_PREPROCESSOR_DEFINITIONS = (
					"DEBUG=1",
					"$(inherited)",
				);
				GCC_SYMBOLS_PRIVATE_EXTERN = NO;
				GCC_WARN_64_TO_32_BIT_CONVERSION = YES;
				GCC_WARN_ABOUT_RETURN_TYPE = YES_ERROR;
				GCC_WARN_UNDECLARED_SELECTOR = YES;
				GCC_WARN_UNINITIALIZED_AUTOS = YES_AGGRESSIVE;
				GCC_WARN_UNUSED_FUNCTION = YES;
				GCC_WARN_UNUSED_VARIABLE = YES;
				IPHONEOS_DEPLOYMENT_TARGET = 8.0;
				MTL_ENABLE_DEBUG_INFO = YES;
				ONLY_ACTIVE_ARCH = YES;
				SDKROOT = iphoneos;
				SWIFT_OPTIMIZATION_LEVEL = "-Onone";
				TARGETED_DEVICE_FAMILY = "1,2";
				VERSIONING_SYSTEM = "apple-generic";
				VERSION_INFO_PREFIX = "";
			};
			name = Debug;
		};
		71CE166819C4FBD2006EBC8F /* Release */ = {
			isa = XCBuildConfiguration;
			buildSettings = {
				ALWAYS_SEARCH_USER_PATHS = NO;
				CLANG_CXX_LANGUAGE_STANDARD = "gnu++0x";
				CLANG_CXX_LIBRARY = "libc++";
				CLANG_ENABLE_MODULES = YES;
				CLANG_ENABLE_OBJC_ARC = YES;
				CLANG_WARN_BOOL_CONVERSION = YES;
				CLANG_WARN_CONSTANT_CONVERSION = YES;
				CLANG_WARN_DIRECT_OBJC_ISA_USAGE = YES_ERROR;
				CLANG_WARN_EMPTY_BODY = YES;
				CLANG_WARN_ENUM_CONVERSION = YES;
				CLANG_WARN_INT_CONVERSION = YES;
				CLANG_WARN_OBJC_ROOT_CLASS = YES_ERROR;
				CLANG_WARN_UNREACHABLE_CODE = YES;
				CLANG_WARN__DUPLICATE_METHOD_MATCH = YES;
				"CODE_SIGN_IDENTITY[sdk=iphoneos*]" = "iPhone Developer";
				COPY_PHASE_STRIP = YES;
				CURRENT_PROJECT_VERSION = 1;
				ENABLE_NS_ASSERTIONS = NO;
				ENABLE_STRICT_OBJC_MSGSEND = YES;
				GCC_C_LANGUAGE_STANDARD = gnu99;
				GCC_WARN_64_TO_32_BIT_CONVERSION = YES;
				GCC_WARN_ABOUT_RETURN_TYPE = YES_ERROR;
				GCC_WARN_UNDECLARED_SELECTOR = YES;
				GCC_WARN_UNINITIALIZED_AUTOS = YES_AGGRESSIVE;
				GCC_WARN_UNUSED_FUNCTION = YES;
				GCC_WARN_UNUSED_VARIABLE = YES;
				IPHONEOS_DEPLOYMENT_TARGET = 8.0;
				MTL_ENABLE_DEBUG_INFO = NO;
				SDKROOT = iphoneos;
				TARGETED_DEVICE_FAMILY = "1,2";
				VALIDATE_PRODUCT = YES;
				VERSIONING_SYSTEM = "apple-generic";
				VERSION_INFO_PREFIX = "";
			};
			name = Release;
		};
		71CE166A19C4FBD2006EBC8F /* Debug */ = {
			isa = XCBuildConfiguration;
			buildSettings = {
				CLANG_ENABLE_MODULES = YES;
				DEFINES_MODULE = YES;
				DYLIB_COMPATIBILITY_VERSION = 1;
				DYLIB_CURRENT_VERSION = 1;
				DYLIB_INSTALL_NAME_BASE = "@rpath";
				INFOPLIST_FILE = Plank/Info.plist;
				INSTALL_PATH = "$(LOCAL_LIBRARY_DIR)/Frameworks";
				LD_RUNPATH_SEARCH_PATHS = "$(inherited) @executable_path/Frameworks @loader_path/Frameworks";
				PRODUCT_NAME = "$(TARGET_NAME)";
				SKIP_INSTALL = YES;
				SWIFT_OPTIMIZATION_LEVEL = "-Onone";
			};
			name = Debug;
		};
		71CE166B19C4FBD2006EBC8F /* Release */ = {
			isa = XCBuildConfiguration;
			buildSettings = {
				CLANG_ENABLE_MODULES = YES;
				DEFINES_MODULE = YES;
				DYLIB_COMPATIBILITY_VERSION = 1;
				DYLIB_CURRENT_VERSION = 1;
				DYLIB_INSTALL_NAME_BASE = "@rpath";
				INFOPLIST_FILE = Plank/Info.plist;
				INSTALL_PATH = "$(LOCAL_LIBRARY_DIR)/Frameworks";
				LD_RUNPATH_SEARCH_PATHS = "$(inherited) @executable_path/Frameworks @loader_path/Frameworks";
				PRODUCT_NAME = "$(TARGET_NAME)";
				SKIP_INSTALL = YES;
			};
			name = Release;
		};
		71CE166D19C4FBD2006EBC8F /* Debug */ = {
			isa = XCBuildConfiguration;
			buildSettings = {
				FRAMEWORK_SEARCH_PATHS = (
					"$(SDKROOT)/Developer/Library/Frameworks",
					"$(inherited)",
					"/Users/bandedo/Software/BanDedo/Plank/Nimble/build/Debug-iphoneos",
					"$(USER_LIBRARY_DIR)/Developer/Xcode/DerivedData/Plank-euwrhosgbkabrxczkxquakynfklc/Build/Products/Debug",
				);
				GCC_PREPROCESSOR_DEFINITIONS = (
					"DEBUG=1",
					"$(inherited)",
				);
				INFOPLIST_FILE = PlankTests/Info.plist;
				LD_RUNPATH_SEARCH_PATHS = "$(inherited) @executable_path/Frameworks @loader_path/Frameworks";
				PRODUCT_NAME = "$(TARGET_NAME)";
			};
			name = Debug;
		};
		71CE166E19C4FBD2006EBC8F /* Release */ = {
			isa = XCBuildConfiguration;
			buildSettings = {
				FRAMEWORK_SEARCH_PATHS = (
					"$(SDKROOT)/Developer/Library/Frameworks",
					"$(inherited)",
					"/Users/bandedo/Software/BanDedo/Plank/Nimble/build/Debug-iphoneos",
					"$(USER_LIBRARY_DIR)/Developer/Xcode/DerivedData/Plank-euwrhosgbkabrxczkxquakynfklc/Build/Products/Debug",
				);
				INFOPLIST_FILE = PlankTests/Info.plist;
				LD_RUNPATH_SEARCH_PATHS = "$(inherited) @executable_path/Frameworks @loader_path/Frameworks";
				PRODUCT_NAME = "$(TARGET_NAME)";
			};
			name = Release;
		};
/* End XCBuildConfiguration section */

/* Begin XCConfigurationList section */
		71CE165019C4FBD2006EBC8F /* Build configuration list for PBXProject "Plank" */ = {
			isa = XCConfigurationList;
			buildConfigurations = (
				71CE166719C4FBD2006EBC8F /* Debug */,
				71CE166819C4FBD2006EBC8F /* Release */,
			);
			defaultConfigurationIsVisible = 0;
			defaultConfigurationName = Release;
		};
		71CE166919C4FBD2006EBC8F /* Build configuration list for PBXNativeTarget "Plank" */ = {
			isa = XCConfigurationList;
			buildConfigurations = (
				71CE166A19C4FBD2006EBC8F /* Debug */,
				71CE166B19C4FBD2006EBC8F /* Release */,
			);
			defaultConfigurationIsVisible = 0;
			defaultConfigurationName = Release;
		};
		71CE166C19C4FBD2006EBC8F /* Build configuration list for PBXNativeTarget "PlankTests" */ = {
			isa = XCConfigurationList;
			buildConfigurations = (
				71CE166D19C4FBD2006EBC8F /* Debug */,
				71CE166E19C4FBD2006EBC8F /* Release */,
			);
			defaultConfigurationIsVisible = 0;
			defaultConfigurationName = Release;
		};
/* End XCConfigurationList section */
	};
	rootObject = 71CE164D19C4FBD2006EBC8F /* Project object */;
}
